
Microsoft Visual Studio Solution File, Format Version 12.00
# Visual Studio Version 16
VisualStudioVersion = 16.0.31424.327
MinimumVisualStudioVersion = 10.0.40219.1
Project("{FAE04EC0-301F-11D3-BF4B-00C04F79EFBC}") = "ApiDemo.Intro", "ApiDemo.Intro\ApiDemo.Intro.csproj", "{1B920FD9-938D-461F-A607-FA77BCD76428}"
EndProject
Project("{FAE04EC0-301F-11D3-BF4B-00C04F79EFBC}") = "ApiDemo.FromEmpty", "ApiDemo.FromEmpty\ApiDemo.FromEmpty.csproj", "{472D1C8B-D87D-41A1-B41D-AE9A38C82F2D}"
EndProject
Project("{FAE04EC0-301F-11D3-BF4B-00C04F79EFBC}") = "SoapAsmxIntro", "SoapAsmxIntro\SoapAsmxIntro.csproj", "{468A1D4C-FBC0-4372-B172-1701F4DB3DB9}"
EndProject
Project("{FAE04EC0-301F-11D3-BF4B-00C04F79EFBC}") = "Consumer.App", "Consumer.App\Consumer.App.csproj", "{0026D214-C77F-420C-9D04-9CA301438C8C}"
EndProject
Global
	GlobalSection(SolutionConfigurationPlatforms) = preSolution
		Debug|Any CPU = Debug|Any CPU
		Release|Any CPU = Release|Any CPU
	EndGlobalSection
	GlobalSection(ProjectConfigurationPlatforms) = postSolution
		{1B920FD9-938D-461F-A607-FA77BCD76428}.Debug|Any CPU.ActiveCfg = Debug|Any CPU
		{1B920FD9-938D-461F-A607-FA77BCD76428}.Debug|Any CPU.Build.0 = Debug|Any CPU
		{1B920FD9-938D-461F-A607-FA77BCD76428}.Release|Any CPU.ActiveCfg = Release|Any CPU
		{1B920FD9-938D-461F-A607-FA77BCD76428}.Release|Any CPU.Build.0 = Release|Any CPU
		{472D1C8B-D87D-41A1-B41D-AE9A38C82F2D}.Debug|Any CPU.ActiveCfg = Debug|Any CPU
		{472D1C8B-D87D-41A1-B41D-AE9A38C82F2D}.Debug|Any CPU.Build.0 = Debug|Any CPU
		{472D1C8B-D87D-41A1-B41D-AE9A38C82F2D}.Release|Any CPU.ActiveCfg = Release|Any CPU
		{472D1C8B-D87D-41A1-B41D-AE9A38C82F2D}.Release|Any CPU.Build.0 = Release|Any CPU
		{468A1D4C-FBC0-4372-B172-1701F4DB3DB9}.Debug|Any CPU.ActiveCfg = Debug|Any CPU
		{468A1D4C-FBC0-4372-B172-1701F4DB3DB9}.Debug|Any CPU.Build.0 = Debug|Any CPU
		{468A1D4C-FBC0-4372-B172-1701F4DB3DB9}.Release|Any CPU.ActiveCfg = Release|Any CPU
		{468A1D4C-FBC0-4372-B172-1701F4DB3DB9}.Release|Any CPU.Build.0 = Release|Any CPU
		{0026D214-C77F-420C-9D04-9CA301438C8C}.Debug|Any CPU.ActiveCfg = Debug|Any CPU
		{0026D214-C77F-420C-9D04-9CA301438C8C}.Debug|Any CPU.Build.0 = Debug|Any CPU
		{0026D214-C77F-420C-9D04-9CA301438C8C}.Release|Any CPU.ActiveCfg = Release|Any CPU
		{0026D214-C77F-420C-9D04-9CA301438C8C}.Release|Any CPU.Build.0 = Release|Any CPU
	EndGlobalSection
	GlobalSection(SolutionProperties) = preSolution
		HideSolutionNode = FALSE
	EndGlobalSection
	GlobalSection(ExtensibilityGlobals) = postSolution
		SolutionGuid = {BE0A8D96-826F-4F42-B94A-43389BFD5116}
	EndGlobalSection
EndGlobal
